
Microsoft Visual Studio Solution File, Format Version 12.00
# Visual Studio Version 17
VisualStudioVersion = 17.1.32210.238
MinimumVisualStudioVersion = 10.0.40219.1
Project("{9A19103F-16F7-4668-BE54-9A1E7A4F7556}") = "prueba", "prueba\prueba.csproj", "{C320DF67-FC12-40F3-AB03-20AA9398DFD5}"
EndProject
Project("{2150E333-8FDC-42A3-9474-1A3956D46DE8}") = "Solution Items", "Solution Items", "{CB09C4AD-EF9F-40A8-8FC4-19CBE5FBC57F}"
	ProjectSection(SolutionItems) = preProject
		.editorconfig = .editorconfig
	EndProjectSection
EndProject
Global
	GlobalSection(SolutionConfigurationPlatforms) = preSolution
		Debug|Any CPU = Debug|Any CPU
		Release|Any CPU = Release|Any CPU
	EndGlobalSection
	GlobalSection(ProjectConfigurationPlatforms) = postSolution
		{C320DF67-FC12-40F3-AB03-20AA9398DFD5}.Debug|Any CPU.ActiveCfg = Debug|Any CPU
		{C320DF67-FC12-40F3-AB03-20AA9398DFD5}.Debug|Any CPU.Build.0 = Debug|Any CPU
		{C320DF67-FC12-40F3-AB03-20AA9398DFD5}.Release|Any CPU.ActiveCfg = Release|Any CPU
		{C320DF67-FC12-40F3-AB03-20AA9398DFD5}.Release|Any CPU.Build.0 = Release|Any CPU
	EndGlobalSection
	GlobalSection(SolutionProperties) = preSolution
		HideSolutionNode = FALSE
	EndGlobalSection
	GlobalSection(ExtensibilityGlobals) = postSolution
		SolutionGuid = {DB50103E-CCE4-44D4-9422-7A97456D5AF3}
	EndGlobalSection
EndGlobal
